
Microsoft Visual Studio Solution File, Format Version 12.00
# Visual Studio Version 17
VisualStudioVersion = 17.8.34330.188
MinimumVisualStudioVersion = 10.0.40219.1
Project("{9A19103F-16F7-4668-BE54-9A1E7A4F7556}") = "LanDotBien_BackEnd", "LanDotBien_BackEnd\LanDotBien_BackEnd.csproj", "{4714E128-63CF-45C5-AF1F-AB6C7DC0FEA2}"
EndProject
Project("{9A19103F-16F7-4668-BE54-9A1E7A4F7556}") = "LanVar.Core", "LanVar.Core\LanVar.Core.csproj", "{E9088D88-D3BE-4692-9595-67011B5B9511}"
EndProject
Project("{9A19103F-16F7-4668-BE54-9A1E7A4F7556}") = "LanVar.Insfrastructure", "LanVar.Insfrastructure\LanVar.Insfrastructure.csproj", "{68B2E8F8-5C02-4211-94F5-5E4EE05F65CC}"
EndProject
Project("{9A19103F-16F7-4668-BE54-9A1E7A4F7556}") = "LanVar.Service", "LanVar.Service\LanVar.Service.csproj", "{B0D5AA6B-3600-4611-AAC9-F3866A97CB36}"
EndProject
Project("{9A19103F-16F7-4668-BE54-9A1E7A4F7556}") = "Tools", "Tools\Tools.csproj", "{DF95B958-EE2B-4293-AE51-5F312E6BB7BE}"
EndProject
Project("{9A19103F-16F7-4668-BE54-9A1E7A4F7556}") = "LanVar.DTO", "LanVar.DTO\LanVar.DTO.csproj", "{4B7465DC-FBCA-40C5-9027-B1686196257F}"
EndProject
Project("{E53339B2-1760-4266-BCC7-CA923CBCF16C}") = "docker-compose", "docker-compose.dcproj", "{C4964C76-2BFD-4C5C-BD2F-BBD6E9D57D02}"
EndProject
Global
	GlobalSection(SolutionConfigurationPlatforms) = preSolution
		Debug|Any CPU = Debug|Any CPU
		Release|Any CPU = Release|Any CPU
	EndGlobalSection
	GlobalSection(ProjectConfigurationPlatforms) = postSolution
		{4714E128-63CF-45C5-AF1F-AB6C7DC0FEA2}.Debug|Any CPU.ActiveCfg = Debug|Any CPU
		{4714E128-63CF-45C5-AF1F-AB6C7DC0FEA2}.Debug|Any CPU.Build.0 = Debug|Any CPU
		{4714E128-63CF-45C5-AF1F-AB6C7DC0FEA2}.Release|Any CPU.ActiveCfg = Release|Any CPU
		{4714E128-63CF-45C5-AF1F-AB6C7DC0FEA2}.Release|Any CPU.Build.0 = Release|Any CPU
		{E9088D88-D3BE-4692-9595-67011B5B9511}.Debug|Any CPU.ActiveCfg = Debug|Any CPU
		{E9088D88-D3BE-4692-9595-67011B5B9511}.Debug|Any CPU.Build.0 = Debug|Any CPU
		{E9088D88-D3BE-4692-9595-67011B5B9511}.Release|Any CPU.ActiveCfg = Release|Any CPU
		{E9088D88-D3BE-4692-9595-67011B5B9511}.Release|Any CPU.Build.0 = Release|Any CPU
		{68B2E8F8-5C02-4211-94F5-5E4EE05F65CC}.Debug|Any CPU.ActiveCfg = Debug|Any CPU
		{68B2E8F8-5C02-4211-94F5-5E4EE05F65CC}.Debug|Any CPU.Build.0 = Debug|Any CPU
		{68B2E8F8-5C02-4211-94F5-5E4EE05F65CC}.Release|Any CPU.ActiveCfg = Release|Any CPU
		{68B2E8F8-5C02-4211-94F5-5E4EE05F65CC}.Release|Any CPU.Build.0 = Release|Any CPU
		{B0D5AA6B-3600-4611-AAC9-F3866A97CB36}.Debug|Any CPU.ActiveCfg = Debug|Any CPU
		{B0D5AA6B-3600-4611-AAC9-F3866A97CB36}.Debug|Any CPU.Build.0 = Debug|Any CPU
		{B0D5AA6B-3600-4611-AAC9-F3866A97CB36}.Release|Any CPU.ActiveCfg = Release|Any CPU
		{B0D5AA6B-3600-4611-AAC9-F3866A97CB36}.Release|Any CPU.Build.0 = Release|Any CPU
		{DF95B958-EE2B-4293-AE51-5F312E6BB7BE}.Debug|Any CPU.ActiveCfg = Debug|Any CPU
		{DF95B958-EE2B-4293-AE51-5F312E6BB7BE}.Debug|Any CPU.Build.0 = Debug|Any CPU
		{DF95B958-EE2B-4293-AE51-5F312E6BB7BE}.Release|Any CPU.ActiveCfg = Release|Any CPU
		{DF95B958-EE2B-4293-AE51-5F312E6BB7BE}.Release|Any CPU.Build.0 = Release|Any CPU
		{4B7465DC-FBCA-40C5-9027-B1686196257F}.Debug|Any CPU.ActiveCfg = Debug|Any CPU
		{4B7465DC-FBCA-40C5-9027-B1686196257F}.Debug|Any CPU.Build.0 = Debug|Any CPU
		{4B7465DC-FBCA-40C5-9027-B1686196257F}.Release|Any CPU.ActiveCfg = Release|Any CPU
		{4B7465DC-FBCA-40C5-9027-B1686196257F}.Release|Any CPU.Build.0 = Release|Any CPU
		{C4964C76-2BFD-4C5C-BD2F-BBD6E9D57D02}.Debug|Any CPU.ActiveCfg = Debug|Any CPU
		{C4964C76-2BFD-4C5C-BD2F-BBD6E9D57D02}.Debug|Any CPU.Build.0 = Debug|Any CPU
		{C4964C76-2BFD-4C5C-BD2F-BBD6E9D57D02}.Release|Any CPU.ActiveCfg = Release|Any CPU
		{C4964C76-2BFD-4C5C-BD2F-BBD6E9D57D02}.Release|Any CPU.Build.0 = Release|Any CPU
	EndGlobalSection
	GlobalSection(SolutionProperties) = preSolution
		HideSolutionNode = FALSE
	EndGlobalSection
	GlobalSection(ExtensibilityGlobals) = postSolution
		SolutionGuid = {20306DFA-6FDC-4EA7-A9DA-E1CEF7D999CC}
	EndGlobalSection
EndGlobal
